
Microsoft Visual Studio Solution File, Format Version 12.00
# Visual Studio Version 16
VisualStudioVersion = 16.0.31229.75
MinimumVisualStudioVersion = 10.0.40219.1
Project("{FAE04EC0-301F-11D3-BF4B-00C04F79EFBC}") = "PBD-Projekt", "PBD-Projekt.csproj", "{3521274F-A4FC-40B2-88D7-FBEA56C81686}"
EndProject
Global
	GlobalSection(SolutionConfigurationPlatforms) = preSolution
		Debug|Any CPU = Debug|Any CPU
		Release|Any CPU = Release|Any CPU
	EndGlobalSection
	GlobalSection(ProjectConfigurationPlatforms) = postSolution
		{3521274F-A4FC-40B2-88D7-FBEA56C81686}.Debug|Any CPU.ActiveCfg = Debug|Any CPU
		{3521274F-A4FC-40B2-88D7-FBEA56C81686}.Debug|Any CPU.Build.0 = Debug|Any CPU
		{3521274F-A4FC-40B2-88D7-FBEA56C81686}.Release|Any CPU.ActiveCfg = Release|Any CPU
		{3521274F-A4FC-40B2-88D7-FBEA56C81686}.Release|Any CPU.Build.0 = Release|Any CPU
	EndGlobalSection
	GlobalSection(SolutionProperties) = preSolution
		HideSolutionNode = FALSE
	EndGlobalSection
	GlobalSection(ExtensibilityGlobals) = postSolution
		SolutionGuid = {36D732C1-840C-4E4C-967F-1B8C57B41737}
	EndGlobalSection
EndGlobal
